
Microsoft Visual Studio Solution File, Format Version 12.00
# Visual Studio Version 17
VisualStudioVersion = 17.10.35013.160
MinimumVisualStudioVersion = 10.0.40219.1
Project("{9A19103F-16F7-4668-BE54-9A1E7A4F7556}") = "DostavaHrane.PrezentacioniSloj", "Food-Delivery\DostavaHrane.PrezentacioniSloj.csproj", "{3DC3DB36-FB13-420F-B775-4EF3F6FD611A}"
EndProject
Project("{9A19103F-16F7-4668-BE54-9A1E7A4F7556}") = "DostavaHrane.AplikacioniSloj", "DostavaHrane.AplikacioniSloj\DostavaHrane.AplikacioniSloj.csproj", "{E8BDFC85-3807-47C7-900F-0D42F4E293A3}"
EndProject
Project("{9A19103F-16F7-4668-BE54-9A1E7A4F7556}") = "DostavaHrane.InfrastrukturniSloj", "DostavaHrane.InfrastrukturniSloj\DostavaHrane.InfrastrukturniSloj.csproj", "{06999C2A-8D83-4BF6-AC66-9A8440835796}"
	ProjectSection(ProjectDependencies) = postProject
		{BC982FA4-7645-42A3-91AE-87EE06E04C52} = {BC982FA4-7645-42A3-91AE-87EE06E04C52}
	EndProjectSection
EndProject
Project("{9A19103F-16F7-4668-BE54-9A1E7A4F7556}") = "DostavaHrane.DomenskiSloj", "DostavaHrane.DomenskiSloj\DostavaHrane.DomenskiSloj.csproj", "{BC982FA4-7645-42A3-91AE-87EE06E04C52}"
EndProject
Global
	GlobalSection(SolutionConfigurationPlatforms) = preSolution
		Debug|Any CPU = Debug|Any CPU
		Release|Any CPU = Release|Any CPU
	EndGlobalSection
	GlobalSection(ProjectConfigurationPlatforms) = postSolution
		{3DC3DB36-FB13-420F-B775-4EF3F6FD611A}.Debug|Any CPU.ActiveCfg = Debug|Any CPU
		{3DC3DB36-FB13-420F-B775-4EF3F6FD611A}.Debug|Any CPU.Build.0 = Debug|Any CPU
		{3DC3DB36-FB13-420F-B775-4EF3F6FD611A}.Release|Any CPU.ActiveCfg = Release|Any CPU
		{3DC3DB36-FB13-420F-B775-4EF3F6FD611A}.Release|Any CPU.Build.0 = Release|Any CPU
		{E8BDFC85-3807-47C7-900F-0D42F4E293A3}.Debug|Any CPU.ActiveCfg = Debug|Any CPU
		{E8BDFC85-3807-47C7-900F-0D42F4E293A3}.Debug|Any CPU.Build.0 = Debug|Any CPU
		{E8BDFC85-3807-47C7-900F-0D42F4E293A3}.Release|Any CPU.ActiveCfg = Release|Any CPU
		{E8BDFC85-3807-47C7-900F-0D42F4E293A3}.Release|Any CPU.Build.0 = Release|Any CPU
		{06999C2A-8D83-4BF6-AC66-9A8440835796}.Debug|Any CPU.ActiveCfg = Debug|Any CPU
		{06999C2A-8D83-4BF6-AC66-9A8440835796}.Debug|Any CPU.Build.0 = Debug|Any CPU
		{06999C2A-8D83-4BF6-AC66-9A8440835796}.Release|Any CPU.ActiveCfg = Release|Any CPU
		{06999C2A-8D83-4BF6-AC66-9A8440835796}.Release|Any CPU.Build.0 = Release|Any CPU
		{BC982FA4-7645-42A3-91AE-87EE06E04C52}.Debug|Any CPU.ActiveCfg = Debug|Any CPU
		{BC982FA4-7645-42A3-91AE-87EE06E04C52}.Debug|Any CPU.Build.0 = Debug|Any CPU
		{BC982FA4-7645-42A3-91AE-87EE06E04C52}.Release|Any CPU.ActiveCfg = Release|Any CPU
		{BC982FA4-7645-42A3-91AE-87EE06E04C52}.Release|Any CPU.Build.0 = Release|Any CPU
	EndGlobalSection
	GlobalSection(SolutionProperties) = preSolution
		HideSolutionNode = FALSE
	EndGlobalSection
	GlobalSection(ExtensibilityGlobals) = postSolution
		SolutionGuid = {E59F3896-2722-4561-8841-4CA88F4A51E6}
	EndGlobalSection
EndGlobal
